
Microsoft Visual Studio Solution File, Format Version 12.00
# Visual Studio 14
VisualStudioVersion = 14.0.25420.1
MinimumVisualStudioVersion = 10.0.40219.1
Project("{F184B08F-C81C-45F6-A57F-5ABD9991F28F}") = "FTM_Registros", "FTM_Registros\FTM_Registros.vbproj", "{D490352E-E73E-46E6-B00D-C7380D28659F}"
EndProject
Project("{FAE04EC0-301F-11D3-BF4B-00C04F79EFBC}") = "Aplicacion_movil", "Aplicacion_movil\Aplicacion_movil.csproj", "{C85FDF81-A817-453B-A3CD-740449DAF046}"
EndProject
Global
	GlobalSection(SolutionConfigurationPlatforms) = preSolution
		Debug|Any CPU = Debug|Any CPU
		Release|Any CPU = Release|Any CPU
	EndGlobalSection
	GlobalSection(ProjectConfigurationPlatforms) = postSolution
		{D490352E-E73E-46E6-B00D-C7380D28659F}.Debug|Any CPU.ActiveCfg = Debug|Any CPU
		{D490352E-E73E-46E6-B00D-C7380D28659F}.Debug|Any CPU.Build.0 = Debug|Any CPU
		{D490352E-E73E-46E6-B00D-C7380D28659F}.Release|Any CPU.ActiveCfg = Release|Any CPU
		{D490352E-E73E-46E6-B00D-C7380D28659F}.Release|Any CPU.Build.0 = Release|Any CPU
		{C85FDF81-A817-453B-A3CD-740449DAF046}.Debug|Any CPU.ActiveCfg = Debug|Any CPU
		{C85FDF81-A817-453B-A3CD-740449DAF046}.Debug|Any CPU.Build.0 = Debug|Any CPU
		{C85FDF81-A817-453B-A3CD-740449DAF046}.Debug|Any CPU.Deploy.0 = Debug|Any CPU
		{C85FDF81-A817-453B-A3CD-740449DAF046}.Release|Any CPU.ActiveCfg = Release|Any CPU
		{C85FDF81-A817-453B-A3CD-740449DAF046}.Release|Any CPU.Build.0 = Release|Any CPU
		{C85FDF81-A817-453B-A3CD-740449DAF046}.Release|Any CPU.Deploy.0 = Release|Any CPU
	EndGlobalSection
	GlobalSection(SolutionProperties) = preSolution
		HideSolutionNode = FALSE
	EndGlobalSection
EndGlobal
